
Microsoft Visual Studio Solution File, Format Version 12.00
# Visual Studio Version 16
VisualStudioVersion = 16.0.30523.141
MinimumVisualStudioVersion = 10.0.40219.1
Project("{9A19103F-16F7-4668-BE54-9A1E7A4F7556}") = "Resume", "Resume\Resume.csproj", "{C14D53DA-F248-4484-9FA7-79833A072738}"
EndProject
Global
	GlobalSection(SolutionConfigurationPlatforms) = preSolution
		Debug|Any CPU = Debug|Any CPU
		Release|Any CPU = Release|Any CPU
	EndGlobalSection
	GlobalSection(ProjectConfigurationPlatforms) = postSolution
		{C14D53DA-F248-4484-9FA7-79833A072738}.Debug|Any CPU.ActiveCfg = Debug|Any CPU
		{C14D53DA-F248-4484-9FA7-79833A072738}.Debug|Any CPU.Build.0 = Debug|Any CPU
		{C14D53DA-F248-4484-9FA7-79833A072738}.Release|Any CPU.ActiveCfg = Release|Any CPU
		{C14D53DA-F248-4484-9FA7-79833A072738}.Release|Any CPU.Build.0 = Release|Any CPU
	EndGlobalSection
	GlobalSection(SolutionProperties) = preSolution
		HideSolutionNode = FALSE
	EndGlobalSection
	GlobalSection(ExtensibilityGlobals) = postSolution
		SolutionGuid = {674C94B2-1D9A-4934-8180-452EAD968206}
	EndGlobalSection
EndGlobal
